
Microsoft Visual Studio Solution File, Format Version 12.00
# Visual Studio Version 17
VisualStudioVersion = 17.6.33815.320
MinimumVisualStudioVersion = 10.0.40219.1
Project("{FAE04EC0-301F-11D3-BF4B-00C04F79EFBC}") = "LeaveManagementSystem", "LeaveManagementSystem\LeaveManagementSystem.csproj", "{549EA1D0-0DD9-4E25-A786-615A714E7F0D}"
EndProject
Global
	GlobalSection(SolutionConfigurationPlatforms) = preSolution
		Debug|Any CPU = Debug|Any CPU
		Release|Any CPU = Release|Any CPU
	EndGlobalSection
	GlobalSection(ProjectConfigurationPlatforms) = postSolution
		{549EA1D0-0DD9-4E25-A786-615A714E7F0D}.Debug|Any CPU.ActiveCfg = Debug|Any CPU
		{549EA1D0-0DD9-4E25-A786-615A714E7F0D}.Debug|Any CPU.Build.0 = Debug|Any CPU
		{549EA1D0-0DD9-4E25-A786-615A714E7F0D}.Release|Any CPU.ActiveCfg = Release|Any CPU
		{549EA1D0-0DD9-4E25-A786-615A714E7F0D}.Release|Any CPU.Build.0 = Release|Any CPU
	EndGlobalSection
	GlobalSection(SolutionProperties) = preSolution
		HideSolutionNode = FALSE
	EndGlobalSection
	GlobalSection(ExtensibilityGlobals) = postSolution
		SolutionGuid = {7A2910B0-A983-44DB-8F09-2D882D4B1448}
	EndGlobalSection
EndGlobal
